
Microsoft Visual Studio Solution File, Format Version 12.00
# Visual Studio Version 17
VisualStudioVersion = 17.7.34031.279
MinimumVisualStudioVersion = 10.0.40219.1
Project("{54A90642-561A-4BB1-A94E-469ADEE60C69}") = "Finance.UI", "Finance.UI\Finance.UI.esproj", "{AE642E39-63C5-43CF-93D1-2E8ADD4A31A2}"
EndProject
Project("{FAE04EC0-301F-11D3-BF4B-00C04F79EFBC}") = "Finance.API", "Finance.API\Finance.API.csproj", "{82342D65-4E81-469C-8F71-9A82F6F28572}"
EndProject
Project("{FAE04EC0-301F-11D3-BF4B-00C04F79EFBC}") = "Finance.Domain", "Finance.Domain\Finance.Domain.csproj", "{D7F38599-226C-48D3-9221-25843495C895}"
EndProject
Project("{FAE04EC0-301F-11D3-BF4B-00C04F79EFBC}") = "Finance.ApplicationCore", "Finance.ApplicationCore\Finance.ApplicationCore.csproj", "{8F48FF79-0F6E-467C-84DC-2750B65A0CE0}"
EndProject
Project("{2150E333-8FDC-42A3-9474-1A3956D46DE8}") = "COre", "COre", "{8E77120E-4D83-4D0E-AA9B-27085519A30F}"
EndProject
Global
	GlobalSection(SolutionConfigurationPlatforms) = preSolution
		Debug|Any CPU = Debug|Any CPU
		Release|Any CPU = Release|Any CPU
	EndGlobalSection
	GlobalSection(ProjectConfigurationPlatforms) = postSolution
		{AE642E39-63C5-43CF-93D1-2E8ADD4A31A2}.Debug|Any CPU.ActiveCfg = Debug|Any CPU
		{AE642E39-63C5-43CF-93D1-2E8ADD4A31A2}.Debug|Any CPU.Build.0 = Debug|Any CPU
		{AE642E39-63C5-43CF-93D1-2E8ADD4A31A2}.Debug|Any CPU.Deploy.0 = Debug|Any CPU
		{AE642E39-63C5-43CF-93D1-2E8ADD4A31A2}.Release|Any CPU.ActiveCfg = Release|Any CPU
		{AE642E39-63C5-43CF-93D1-2E8ADD4A31A2}.Release|Any CPU.Build.0 = Release|Any CPU
		{AE642E39-63C5-43CF-93D1-2E8ADD4A31A2}.Release|Any CPU.Deploy.0 = Release|Any CPU
		{82342D65-4E81-469C-8F71-9A82F6F28572}.Debug|Any CPU.ActiveCfg = Debug|Any CPU
		{82342D65-4E81-469C-8F71-9A82F6F28572}.Debug|Any CPU.Build.0 = Debug|Any CPU
		{82342D65-4E81-469C-8F71-9A82F6F28572}.Release|Any CPU.ActiveCfg = Release|Any CPU
		{82342D65-4E81-469C-8F71-9A82F6F28572}.Release|Any CPU.Build.0 = Release|Any CPU
		{D7F38599-226C-48D3-9221-25843495C895}.Debug|Any CPU.ActiveCfg = Debug|Any CPU
		{D7F38599-226C-48D3-9221-25843495C895}.Debug|Any CPU.Build.0 = Debug|Any CPU
		{D7F38599-226C-48D3-9221-25843495C895}.Release|Any CPU.ActiveCfg = Release|Any CPU
		{D7F38599-226C-48D3-9221-25843495C895}.Release|Any CPU.Build.0 = Release|Any CPU
		{8F48FF79-0F6E-467C-84DC-2750B65A0CE0}.Debug|Any CPU.ActiveCfg = Debug|Any CPU
		{8F48FF79-0F6E-467C-84DC-2750B65A0CE0}.Debug|Any CPU.Build.0 = Debug|Any CPU
		{8F48FF79-0F6E-467C-84DC-2750B65A0CE0}.Release|Any CPU.ActiveCfg = Release|Any CPU
		{8F48FF79-0F6E-467C-84DC-2750B65A0CE0}.Release|Any CPU.Build.0 = Release|Any CPU
	EndGlobalSection
	GlobalSection(SolutionProperties) = preSolution
		HideSolutionNode = FALSE
	EndGlobalSection
	GlobalSection(NestedProjects) = preSolution
		{D7F38599-226C-48D3-9221-25843495C895} = {8E77120E-4D83-4D0E-AA9B-27085519A30F}
		{8F48FF79-0F6E-467C-84DC-2750B65A0CE0} = {8E77120E-4D83-4D0E-AA9B-27085519A30F}
	EndGlobalSection
	GlobalSection(ExtensibilityGlobals) = postSolution
		SolutionGuid = {88193746-66E1-44E1-B824-94FB5622D757}
	EndGlobalSection
EndGlobal
